
Microsoft Visual Studio Solution File, Format Version 12.00
# Visual Studio 15
Project("{FAE04EC0-301F-11D3-BF4B-00C04F79EFBC}") = "NotesApp", "NotesApp\NotesApp.csproj", "{8EE5EC30-CC65-4911-95F5-7DD1F64D7101}"
EndProject
Global
	GlobalSection(SolutionConfigurationPlatforms) = preSolution
		Debug|Any CPU = Debug|Any CPU
		Release|Any CPU = Release|Any CPU
	EndGlobalSection
	GlobalSection(ProjectConfigurationPlatforms) = postSolution
		{8EE5EC30-CC65-4911-95F5-7DD1F64D7101}.Debug|Any CPU.ActiveCfg = Debug|Any CPU
		{8EE5EC30-CC65-4911-95F5-7DD1F64D7101}.Debug|Any CPU.Build.0 = Debug|Any CPU
		{8EE5EC30-CC65-4911-95F5-7DD1F64D7101}.Release|Any CPU.ActiveCfg = Release|Any CPU
		{8EE5EC30-CC65-4911-95F5-7DD1F64D7101}.Release|Any CPU.Build.0 = Release|Any CPU
	EndGlobalSection
EndGlobal
